{
  "nodes": {
    "bnfc": {
      "flake": false,
      "locked": {
        "lastModified": 1648744212,
        "narHash": "sha256-BiytW8cailDil0qc8zgCf/Pi/vvfZ3Ew38WldUjlVtc=",
        "owner": "BNFC",
        "repo": "bnfc",
        "rev": "348e57a55a0d9df53376b1da2f59f104521c5153",
        "type": "github"
      },
      "original": {
        "owner": "BNFC",
        "ref": "master",
        "repo": "bnfc",
        "type": "github"
      }
    },
    "gf-core": {
      "flake": false,
      "locked": {
        "lastModified": 1661342422,
        "narHash": "sha256-QtsLL4rcURyvS/Vv7nWFdgRU6ok+zFodQ+kDBeddPuA=",
        "owner": "GrammaticalFramework",
        "repo": "gf-core",
        "rev": "dc8dce90a034db82dee913ceeb1ea46034211b64",
        "type": "github"
      },
      "original": {
        "owner": "GrammaticalFramework",
        "ref": "master",
        "repo": "gf-core",
        "type": "github"
      }
    },
    "gf-rgl": {
      "flake": false,
      "locked": {
        "lastModified": 1663265211,
        "narHash": "sha256-N3loV+RlRHkeVOvLtAbK6LahTVxHTfJ2/yeAoTLCmwg=",
        "owner": "GrammaticalFramework",
        "repo": "gf-rgl",
        "rev": "0c57e45540f8de12f33bd07e834e478a280df0b3",
        "type": "github"
      },
      "original": {
        "owner": "GrammaticalFramework",
        "ref": "master",
        "repo": "gf-rgl",
        "type": "github"
      }
    },
    "gf-wordnet": {
      "flake": false,
      "locked": {
        "lastModified": 1663659559,
        "narHash": "sha256-h8XJ/1bmbvuqnbxO9V7vctalGM/z87Hd2Ofw2poBDio=",
        "owner": "GrammaticalFramework",
        "repo": "gf-wordnet",
        "rev": "fd3d7b7c0490431c321df7470b7b4addce40a5db",
        "type": "github"
      },
      "original": {
        "owner": "GrammaticalFramework",
        "ref": "master",
        "repo": "gf-wordnet",
        "type": "github"
      }
    },
    "nixpkgs": {
      "locked": {
        "lastModified": 1651634615,
        "narHash": "sha256-VtvcS61bLh5mIBm9cV3idUHdlfPRFus/NwdJfaj5s8o=",
        "owner": "NixOS",
        "repo": "nixpkgs",
        "rev": "abfd31179174133ab8131139d650297bf4da63b7",
        "type": "github"
      },
      "original": {
        "id": "nixpkgs",
        "type": "indirect"
      }
    },
    "root": {
      "inputs": {
        "bnfc": "bnfc",
        "gf-core": "gf-core",
        "gf-rgl": "gf-rgl",
        "gf-wordnet": "gf-wordnet",
        "nixpkgs": "nixpkgs"
      }
    }
  },
  "root": "root",
  "version": 7
}
