{
  "nodes": {
    "bnfc": {
      "flake": false,
      "locked": {
        "lastModified": 1648744212,
        "narHash": "sha256-BiytW8cailDil0qc8zgCf/Pi/vvfZ3Ew38WldUjlVtc=",
        "owner": "BNFC",
        "repo": "bnfc",
        "rev": "348e57a55a0d9df53376b1da2f59f104521c5153",
        "type": "github"
      },
      "original": {
        "owner": "BNFC",
        "ref": "master",
        "repo": "bnfc",
        "type": "github"
      }
    },
    "gf-core": {
      "flake": false,
      "locked": {
        "lastModified": 1646458097,
        "narHash": "sha256-dTKkS+kWJU5SCNGRVGz8ZE0B4zvoEWv/ZHloSle8YPY=",
        "owner": "GrammaticalFramework",
        "repo": "gf-core",
        "rev": "25dd1354c71ab9267d6fdb8ad7cf8cc7ce30812f",
        "type": "github"
      },
      "original": {
        "owner": "GrammaticalFramework",
        "ref": "master",
        "repo": "gf-core",
        "type": "github"
      }
    },
    "gf-rgl": {
      "flake": false,
      "locked": {
        "lastModified": 1651147997,
        "narHash": "sha256-W3YUs6Fhpr9AqHMFQrDHUehboT/QTTBDiMWbyJVoAiI=",
        "owner": "GrammaticalFramework",
        "repo": "gf-rgl",
        "rev": "783e2f3831f6ac9efd2d74286bbd35032c44b964",
        "type": "github"
      },
      "original": {
        "owner": "GrammaticalFramework",
        "ref": "master",
        "repo": "gf-rgl",
        "type": "github"
      }
    },
    "gf-wordnet": {
      "flake": false,
      "locked": {
        "lastModified": 1651166487,
        "narHash": "sha256-P+ZFyQjf8nbG4VZw8MDaZee4O2oRK6G/abVj5nitOmU=",
        "owner": "GrammaticalFramework",
        "repo": "gf-wordnet",
        "rev": "8cc97d57bb5cf42de8d6d5efb97dda3a8ff6a0d8",
        "type": "github"
      },
      "original": {
        "owner": "GrammaticalFramework",
        "ref": "master",
        "repo": "gf-wordnet",
        "type": "github"
      }
    },
    "nixpkgs": {
      "locked": {
        "lastModified": 1635350005,
        "narHash": "sha256-tAMJnUwfaDEB2aa31jGcu7R7bzGELM9noc91L2PbVjg=",
        "owner": "NixOS",
        "repo": "nixpkgs",
        "rev": "1c1f5649bb9c1b0d98637c8c365228f57126f361",
        "type": "github"
      },
      "original": {
        "owner": "NixOS",
        "ref": "nixos-20.09",
        "repo": "nixpkgs",
        "type": "github"
      }
    },
    "root": {
      "inputs": {
        "bnfc": "bnfc",
        "gf-core": "gf-core",
        "gf-rgl": "gf-rgl",
        "gf-wordnet": "gf-wordnet",
        "nixpkgs": "nixpkgs"
      }
    }
  },
  "root": "root",
  "version": 7
}
