{
  "nodes": {
    "bnfc": {
      "flake": false,
      "locked": {
        "lastModified": 1694438405,
        "narHash": "sha256-UmrJlHrMlB4tOxQEnBA1blh3aUV28dJHFZs5LNUbNLU=",
        "owner": "BNFC",
        "repo": "bnfc",
        "rev": "1ead871febe45b8adecad286a90650414e24d8a4",
        "type": "github"
      },
      "original": {
        "owner": "BNFC",
        "ref": "master",
        "repo": "bnfc",
        "type": "github"
      }
    },
    "gf-core": {
      "flake": false,
      "locked": {
        "lastModified": 1694101045,
        "narHash": "sha256-d70GknRWi2aUF3yleE6tXIZSfvjlF5Qd/JMagdcpfy4=",
        "owner": "GrammaticalFramework",
        "repo": "gf-core",
        "rev": "096b36c21d9657d1dee93638b436dc7bb35af439",
        "type": "github"
      },
      "original": {
        "owner": "GrammaticalFramework",
        "ref": "master",
        "repo": "gf-core",
        "type": "github"
      }
    },
    "gf-rgl": {
      "flake": false,
      "locked": {
        "lastModified": 1694171470,
        "narHash": "sha256-/duy22bodQZHCgeQiNNj6gjcVSB3AjAYUf+a0QH9LBw=",
        "owner": "GrammaticalFramework",
        "repo": "gf-rgl",
        "rev": "03d3a8cbc25741bc3ec9038794a6cc11fb015d48",
        "type": "github"
      },
      "original": {
        "owner": "GrammaticalFramework",
        "ref": "master",
        "repo": "gf-rgl",
        "type": "github"
      }
    },
    "gf-wordnet": {
      "flake": false,
      "locked": {
        "lastModified": 1694462228,
        "narHash": "sha256-tm4wxZPV5PJ2KMHiyKd4uYsSFYzwgIu8O+IXaSuyaME=",
        "owner": "GrammaticalFramework",
        "repo": "gf-wordnet",
        "rev": "587af15ffbd340bdd1c01ba6ea5f5c6bb9005da1",
        "type": "github"
      },
      "original": {
        "owner": "GrammaticalFramework",
        "ref": "master",
        "repo": "gf-wordnet",
        "type": "github"
      }
    },
    "nixpkgs": {
      "locked": {
        "lastModified": 1665056165,
        "narHash": "sha256-2C7VfNphJa0FxPoT+suMOmUDVrQ5RIE+NKfDWqElvE4=",
        "owner": "NixOS",
        "repo": "nixpkgs",
        "rev": "27a89ba43b0fb735ce867e8ab3d2442f8cc61dad",
        "type": "github"
      },
      "original": {
        "id": "nixpkgs",
        "type": "indirect"
      }
    },
    "root": {
      "inputs": {
        "bnfc": "bnfc",
        "gf-core": "gf-core",
        "gf-rgl": "gf-rgl",
        "gf-wordnet": "gf-wordnet",
        "nixpkgs": "nixpkgs"
      }
    }
  },
  "root": "root",
  "version": 7
}
